lockfileVersion: '9.0'

settings:
  autoInstallPeers: true
  excludeLinksFromLockfile: false

importers:

  .:
    dependencies:
      pg:
        specifier: ^8.16.3
        version: 8.20.0
      postgrator:
        specifier: ^8.0.0
        version: 8.0.0
    devDependencies:
      '@types/autocannon':
        specifier: ^7.12.7
        version: 7.12.7
      '@types/node':
        specifier: ^24.10.1
        version: 24.12.0
      '@types/pg':
        specifier: ^8.16.0
        version: 8.20.0
      autocannon:
        specifier: ^8.0.0
        version: 8.0.0
      oxfmt:
        specifier: ^0.42.0
        version: 0.42.0
      oxlint:
        specifier: ^1.57.0
        version: 1.57.0(oxlint-tsgolint@0.17.4)
      oxlint-tsgolint:
        specifier: ^0.17.3
        version: 0.17.4

packages:

  '@assemblyscript/loader@0.19.23':
    resolution: {integrity: sha512-ulkCYfFbYj01ie1MDOyxv2F6SpRN1TOj7fQxbP07D6HmeR+gr2JLSmINKjga2emB+b1L2KGrFKBTc+e00p54nw==}

  '@colors/colors@1.5.0':
    resolution: {integrity: sha512-ooWCrlZP11i8GImSjTHYHLkvFDP48nS4+204nGb1RiX/WXYHmJA2III9/e2DWVabCESdW7hBAEzHRqUn9OUVvQ==}
    engines: {node: '>=0.1.90'}

  '@isaacs/cliui@9.0.0':
    resolution: {integrity: sha512-AokJm4tuBHillT+FpMtxQ60n8ObyXBatq7jD2/JA9dxbDDokKQm8KMht5ibGzLVU9IJDIKK4TPKgMHEYMn3lMg==}
    engines: {node: '>=18'}

  '@minimistjs/subarg@1.0.0':
    resolution: {integrity: sha512-Q/ONBiM2zNeYUy0mVSO44mWWKYM3UHuEK43PKIOzJCbvUnPoMH1K+gk3cf1kgnCVJFlWmddahQQCmrmBGlk9jQ==}

  '@oxfmt/binding-android-arm-eabi@0.42.0':
    resolution: {integrity: sha512-dsqPTYsozeokRjlrt/b4E7Pj0z3eS3Eg74TWQuuKbjY4VttBmA88rB7d50Xrd+TZ986qdXCNeZRPEzZHAe+jow==}
    engines: {node: ^20.19.0 || >=22.12.0}
    cpu: [arm]
    os: [android]

  '@oxfmt/binding-android-arm64@0.42.0':
    resolution: {integrity: sha512-t+aAjHxcr5eOBphFHdg1ouQU9qmZZoRxnX7UOJSaTwSoKsb6TYezNKO0YbWytGXCECObRqNcUxPoPr0KaraAIg==}
    engines: {node: ^20.19.0 || >=22.12.0}
    cpu: [arm64]
    os: [android]

  '@oxfmt/binding-darwin-arm64@0.42.0':
    resolution: {integrity: sha512-ulpSEYMKg61C5bRMZinFHrKJYRoKGVbvMEXA5zM1puX3O9T6Q4XXDbft20yrDijpYWeuG59z3Nabt+npeTsM1A==}
    engines: {node: ^20.19.0 || >=22.12.0}
    cpu: [arm64]
    os: [darwin]

  '@oxfmt/binding-darwin-x64@0.42.0':
    resolution: {integrity: sha512-ttxLKhQYPdFiM8I/Ri37cvqChE4Xa562nNOsZFcv1CKTVLeEozXjKuYClNvxkXmNlcF55nzM80P+CQkdFBu+uQ==}
    engines: {node: ^20.19.0 || >=22.12.0}
    cpu: [x64]
    os: [darwin]

  '@oxfmt/binding-freebsd-x64@0.42.0':
    resolution: {integrity: sha512-Og7QS3yI3tdIKYZ58SXik0rADxIk2jmd+/YvuHRyKULWpG4V2fR5V4hvKm624Mc0cQET35waPXiCQWvjQEjwYQ==}
    engines: {node: ^20.19.0 || >=22.12.0}
    cpu: [x64]
    os: [freebsd]

  '@oxfmt/binding-linux-arm-gnueabihf@0.42.0':
    resolution: {integrity: sha512-jwLOw/3CW4H6Vxcry4/buQHk7zm9Ne2YsidzTL1kpiMe4qqrRCwev3dkyWe2YkFmP+iZCQ7zku4KwjcLRoh8ew==}
    engines: {node: ^20.19.0 || >=22.12.0}
    cpu: [arm]
    os: [linux]

  '@oxfmt/binding-linux-arm-musleabihf@0.42.0':
    resolution: {integrity: sha512-XwXu2vkMtiq2h7tfvN+WA/9/5/1IoGAVCFPiiQUvcAuG3efR97KNcRGM8BetmbYouFotQ2bDal3yyjUx6IPsTg==}
    engines: {node: ^20.19.0 || >=22.12.0}
    cpu: [arm]
    os: [linux]

  '@oxfmt/binding-linux-arm64-gnu@0.42.0':
    resolution: {integrity: sha512-ea7s/XUJoT7ENAtUQDudFe3nkSM3e3Qpz4nJFRdzO2wbgXEcjnchKLEsV3+t4ev3r8nWxIYr9NRjPWtnyIFJVA==}
    engines: {node: ^20.19.0 || >=22.12.0}
    cpu: [arm64]
    os: [linux]

  '@oxfmt/binding-linux-arm64-musl@0.42.0':
    resolution: {integrity: sha512-+JA0YMlSdDqmacygGi2REp57c3fN+tzARD8nwsukx9pkCHK+6DkbAA9ojS4lNKsiBjIW8WWa0pBrBWhdZEqfuw==}
    engines: {node: ^20.19.0 || >=22.12.0}
    cpu: [arm64]
    os: [linux]

  '@oxfmt/binding-linux-ppc64-gnu@0.42.0':
    resolution: {integrity: sha512-VfnET0j4Y5mdfCzh5gBt0NK28lgn5DKx+8WgSMLYYeSooHhohdbzwAStLki9pNuGy51y4I7IoW8bqwAaCMiJQg==}
    engines: {node: ^20.19.0 || >=22.12.0}
    cpu: [ppc64]
    os: [linux]

  '@oxfmt/binding-linux-riscv64-gnu@0.42.0':
    resolution: {integrity: sha512-gVlCbmBkB0fxBWbhBj9rcxezPydsQHf4MFKeHoTSPicOQ+8oGeTQgQ8EeesSybWeiFPVRx3bgdt4IJnH6nOjAA==}
    engines: {node: ^20.19.0 || >=22.12.0}
    cpu: [riscv64]
    os: [linux]

  '@oxfmt/binding-linux-riscv64-musl@0.42.0':
    resolution: {integrity: sha512-zN5OfstL0avgt/IgvRu0zjQzVh/EPkcLzs33E9LMAzpqlLWiPWeMDZyMGFlSRGOdDjuNmlZBCgj0pFnK5u32TQ==}
    engines: {node: ^20.19.0 || >=22.12.0}
    cpu: [riscv64]
    os: [linux]

  '@oxfmt/binding-linux-s390x-gnu@0.42.0':
    resolution: {integrity: sha512-9X6+H2L0qMc2sCAgO9HS03bkGLMKvOFjmEdchaFlany3vNZOjnVui//D8k/xZAtQv2vaCs1reD5KAgPoIU4msA==}
    engines: {node: ^20.19.0 || >=22.12.0}
    cpu: [s390x]
    os: [linux]

  '@oxfmt/binding-linux-x64-gnu@0.42.0':
    resolution: {integrity: sha512-BajxJ6KQvMMdpXGPWhBGyjb2Jvx4uec0w+wi6TJZ6Tv7+MzPwe0pO8g5h1U0jyFgoaF7mDl6yKPW3ykWcbUJRw==}
    engines: {node: ^20.19.0 || >=22.12.0}
    cpu: [x64]
    os: [linux]

  '@oxfmt/binding-linux-x64-musl@0.42.0':
    resolution: {integrity: sha512-0wV284I6vc5f0AqAhgAbHU2935B4bVpncPoe5n/WzVZY/KnHgqxC8iSFGeSyLWEgstFboIcWkOPck7tqbdHkzA==}
    engines: {node: ^20.19.0 || >=22.12.0}
    cpu: [x64]
    os: [linux]

  '@oxfmt/binding-openharmony-arm64@0.42.0':
    resolution: {integrity: sha512-p4BG6HpGnhfgHk1rzZfyR6zcWkE7iLrWxyehHfXUy4Qa5j3e0roglFOdP/Nj5cJJ58MA3isQ5dlfkW2nNEpolw==}
    engines: {node: ^20.19.0 || >=22.12.0}
    cpu: [arm64]
    os: [openharmony]

  '@oxfmt/binding-win32-arm64-msvc@0.42.0':
    resolution: {integrity: sha512-mn//WV60A+IetORDxYieYGAoQso4KnVRRjORDewMcod4irlRe0OSC7YPhhwaexYNPQz/GCFk+v9iUcZ2W22yxQ==}
    engines: {node: ^20.19.0 || >=22.12.0}
    cpu: [arm64]
    os: [win32]

  '@oxfmt/binding-win32-ia32-msvc@0.42.0':
    resolution: {integrity: sha512-3gWltUrvuz4LPJXWivoAxZ28Of2O4N7OGuM5/X3ubPXCEV8hmgECLZzjz7UYvSDUS3grfdccQwmjynm+51EFpw==}
    engines: {node: ^20.19.0 || >=22.12.0}
    cpu: [ia32]
    os: [win32]

  '@oxfmt/binding-win32-x64-msvc@0.42.0':
    resolution: {integrity: sha512-Wg4TMAfQRL9J9AZevJ/ZNy3uyyDztDYQtGr4P8UyyzIhLhFrdSmz1J/9JT+rv0fiCDLaFOBQnj3f3K3+a5PzDQ==}
    engines: {node: ^20.19.0 || >=22.12.0}
    cpu: [x64]
    os: [win32]

  '@oxlint-tsgolint/darwin-arm64@0.17.4':
    resolution: {integrity: sha512-XEA7vl/T1+wiVnMq2MR6u5OYr2pwKHiAPgklxpK8tPrjQ1ci/amNmwI8ECn6TPXSCsC8SJsSN5xvzXm5H3dTfw==}
    cpu: [arm64]
    os: [darwin]

  '@oxlint-tsgolint/darwin-x64@0.17.4':
    resolution: {integrity: sha512-EY2wmHWqkz72B0/ddMiAM564ZXpEuN1i7JqJJhLmDUQfiHX0/X0EqK3xlSScMCFcVicitOxbKO9oqbde3658yg==}
    cpu: [x64]
    os: [darwin]

  '@oxlint-tsgolint/linux-arm64@0.17.4':
    resolution: {integrity: sha512-XL2X8hgp3/TZWeHFLUnWrveTCBPxy1kNtpzfvVkLtBgyoaRyopPYL0Mnm+ypXKgGvUdcjDaiJhnRjFHWmqZkew==}
    cpu: [arm64]
    os: [linux]

  '@oxlint-tsgolint/linux-x64@0.17.4':
    resolution: {integrity: sha512-jT+aWtQuU8jefwfBLAZu16p4t8xUDjxL6KKlOeuwX3cS6NO60ITJ4Glm8eQYq5cGsOmYIKXNIe4ckPpL5LC+5g==}
    cpu: [x64]
    os: [linux]

  '@oxlint-tsgolint/win32-arm64@0.17.4':
    resolution: {integrity: sha512-pnnkBaI5tHBFhx+EhmpUHccBT3VOAXTgWK2eQBVLE4a/ywhpHN+8D6/QQN+ZTaA4LTkKowvlGD6vDOVP5KRPvw==}
    cpu: [arm64]
    os: [win32]

  '@oxlint-tsgolint/win32-x64@0.17.4':
    resolution: {integrity: sha512-JxT81aEUBNA/s01Ql2OQ2DLAsuM0M+mK9iLHunukOdPMhjA6NvFE/GtTablBYJKScK21d/xTvnoSLgQU3l22Cw==}
    cpu: [x64]
    os: [win32]

  '@oxlint/binding-android-arm-eabi@1.57.0':
    resolution: {integrity: sha512-C7EiyfAJG4B70496eV543nKiq5cH0o/xIh/ufbjQz3SIvHhlDDsyn+mRFh+aW8KskTyUpyH2LGWL8p2oN6bl1A==}
    engines: {node: ^20.19.0 || >=22.12.0}
    cpu: [arm]
    os: [android]

  '@oxlint/binding-android-arm64@1.57.0':
    resolution: {integrity: sha512-9i80AresjZ/FZf5xK8tKFbhQnijD4s1eOZw6/FHUwD59HEZbVLRc2C88ADYJfLZrF5XofWDiRX/Ja9KefCLy7w==}
    engines: {node: ^20.19.0 || >=22.12.0}
    cpu: [arm64]
    os: [android]

  '@oxlint/binding-darwin-arm64@1.57.0':
    resolution: {integrity: sha512-0eUfhRz5L2yKa9I8k3qpyl37XK3oBS5BvrgdVIx599WZK63P8sMbg+0s4IuxmIiZuBK68Ek+Z+gcKgeYf0otsg==}
    engines: {node: ^20.19.0 || >=22.12.0}
    cpu: [arm64]
    os: [darwin]

  '@oxlint/binding-darwin-x64@1.57.0':
    resolution: {integrity: sha512-UvrSuzBaYOue+QMAcuDITe0k/Vhj6KZGjfnI6x+NkxBTke/VoM7ZisaxgNY0LWuBkTnd1OmeQfEQdQ48fRjkQg==}
    engines: {node: ^20.19.0 || >=22.12.0}
    cpu: [x64]
    os: [darwin]

  '@oxlint/binding-freebsd-x64@1.57.0':
    resolution: {integrity: sha512-wtQq0dCoiw4bUwlsNVDJJ3pxJA218fOezpgtLKrbQqUtQJcM9yP8z+I9fu14aHg0uyAxIY+99toL6uBa2r7nxA==}
    engines: {node: ^20.19.0 || >=22.12.0}
    cpu: [x64]
    os: [freebsd]

  '@oxlint/binding-linux-arm-gnueabihf@1.57.0':
    resolution: {integrity: sha512-qxFWl2BBBFcT4djKa+OtMdnLgoHEJXpqjyGwz8OhW35ImoCwR5qtAGqApNYce5260FQqoAHW8S8eZTjiX67Tsg==}
    engines: {node: ^20.19.0 || >=22.12.0}
    cpu: [arm]
    os: [linux]

  '@oxlint/binding-linux-arm-musleabihf@1.57.0':
    resolution: {integrity: sha512-SQoIsBU7J0bDW15/f0/RvxHfY3Y0+eB/caKBQtNFbuerTiA6JCYx9P1MrrFTwY2dTm/lMgTSgskvCEYk2AtG/Q==}
    engines: {node: ^20.19.0 || >=22.12.0}
    cpu: [arm]
    os: [linux]

  '@oxlint/binding-linux-arm64-gnu@1.57.0':
    resolution: {integrity: sha512-jqxYd1W6WMeozsCmqe9Rzbu3SRrGTyGDAipRlRggetyYbUksJqJKvUNTQtZR/KFoJPb+grnSm5SHhdWrywv3RQ==}
    engines: {node: ^20.19.0 || >=22.12.0}
    cpu: [arm64]
    os: [linux]

  '@oxlint/binding-linux-arm64-musl@1.57.0':
    resolution: {integrity: sha512-i66WyEPVEvq9bxRUCJ/MP5EBfnTDN3nhwEdFZFTO5MmLLvzngfWEG3NSdXQzTT3vk5B9i6C2XSIYBh+aG6uqyg==}
    engines: {node: ^20.19.0 || >=22.12.0}
    cpu: [arm64]
    os: [linux]

  '@oxlint/binding-linux-ppc64-gnu@1.57.0':
    resolution: {integrity: sha512-oMZDCwz4NobclZU3pH+V1/upVlJZiZvne4jQP+zhJwt+lmio4XXr4qG47CehvrW1Lx2YZiIHuxM2D4YpkG3KVA==}
    engines: {node: ^20.19.0 || >=22.12.0}
    cpu: [ppc64]
    os: [linux]

  '@oxlint/binding-linux-riscv64-gnu@1.57.0':
    resolution: {integrity: sha512-uoBnjJ3MMEBbfnWC1jSFr7/nSCkcQYa72NYoNtLl1imshDnWSolYCjzb8LVCwYCCfLJXD+0gBLD7fyC14c0+0g==}
    engines: {node: ^20.19.0 || >=22.12.0}
    cpu: [riscv64]
    os: [linux]

  '@oxlint/binding-linux-riscv64-musl@1.57.0':
    resolution: {integrity: sha512-BdrwD7haPZ8a9KrZhKJRSj6jwCor+Z8tHFZ3PT89Y3Jq5v3LfMfEePeAmD0LOTWpiTmzSzdmyw9ijneapiVHKQ==}
    engines: {node: ^20.19.0 || >=22.12.0}
    cpu: [riscv64]
    os: [linux]

  '@oxlint/binding-linux-s390x-gnu@1.57.0':
    resolution: {integrity: sha512-BNs+7ZNsRstVg2tpNxAXfMX/Iv5oZh204dVyb8Z37+/gCh+yZqNTlg6YwCLIMPSk5wLWIGOaQjT0GUOahKYImw==}
    engines: {node: ^20.19.0 || >=22.12.0}
    cpu: [s390x]
    os: [linux]

  '@oxlint/binding-linux-x64-gnu@1.57.0':
    resolution: {integrity: sha512-AghS18w+XcENcAX0+BQGLiqjpqpaxKJa4cWWP0OWNLacs27vHBxu7TYkv9LUSGe5w8lOJHeMxcYfZNOAPqw2bg==}
    engines: {node: ^20.19.0 || >=22.12.0}
    cpu: [x64]
    os: [linux]

  '@oxlint/binding-linux-x64-musl@1.57.0':
    resolution: {integrity: sha512-E/FV3GB8phu/Rpkhz5T96hAiJlGzn91qX5yj5gU754P5cmVGXY1Jw/VSjDSlZBCY3VHjsVLdzgdkJaomEmcNOg==}
    engines: {node: ^20.19.0 || >=22.12.0}
    cpu: [x64]
    os: [linux]

  '@oxlint/binding-openharmony-arm64@1.57.0':
    resolution: {integrity: sha512-xvZ2yZt0nUVfU14iuGv3V25jpr9pov5N0Wr28RXnHFxHCRxNDMtYPHV61gGLhN9IlXM96gI4pyYpLSJC5ClLCQ==}
    engines: {node: ^20.19.0 || >=22.12.0}
    cpu: [arm64]
    os: [openharmony]

  '@oxlint/binding-win32-arm64-msvc@1.57.0':
    resolution: {integrity: sha512-Z4D8Pd0AyHBKeazhdIXeUUy5sIS3Mo0veOlzlDECg6PhRRKgEsBJCCV1n+keUZtQ04OP+i7+itS3kOykUyNhDg==}
    engines: {node: ^20.19.0 || >=22.12.0}
    cpu: [arm64]
    os: [win32]

  '@oxlint/binding-win32-ia32-msvc@1.57.0':
    resolution: {integrity: sha512-StOZ9nFMVKvevicbQfql6Pouu9pgbeQnu60Fvhz2S6yfMaii+wnueLnqQ5I1JPgNF0Syew4voBlAaHD13wH6tw==}
    engines: {node: ^20.19.0 || >=22.12.0}
    cpu: [ia32]
    os: [win32]

  '@oxlint/binding-win32-x64-msvc@1.57.0':
    resolution: {integrity: sha512-6PuxhYgth8TuW0+ABPOIkGdBYw+qYGxgIdXPHSVpiCDm+hqTTWCmC739St1Xni0DJBt8HnSHTG67i1y6gr8qrA==}
    engines: {node: ^20.19.0 || >=22.12.0}
    cpu: [x64]
    os: [win32]

  '@types/autocannon@7.12.7':
    resolution: {integrity: sha512-Pd4nPf7wRpacULa6D/EC9x3CwzFQXwA0z5WFuik/fvJjW44V3WzBTM3jtt8nSBoflUNgswPiMCtgrr1bwnAcMg==}

  '@types/node@24.12.0':
    resolution: {integrity: sha512-GYDxsZi3ChgmckRT9HPU0WEhKLP08ev/Yfcq2AstjrDASOYCSXeyjDsHg4v5t4jOj7cyDX3vmprafKlWIG9MXQ==}

  '@types/pg@8.20.0':
    resolution: {integrity: sha512-bEPFOaMAHTEP1EzpvHTbmwR8UsFyHSKsRisLIHVMXnpNefSbGA1bD6CVy+qKjGSqmZqNqBDV2azOBo8TgkcVow==}

  ansi-regex@5.0.1:
    resolution: {integrity: sha512-quJQXlTSUGL2LH9SUXo8VwsY4soanhgo6LNSm84E1LBcE8s3O0wpdiRzyR9z/ZZJMlMWv37qOOb9pdJlMUEKFQ==}
    engines: {node: '>=8'}

  ansi-styles@4.3.0:
    resolution: {integrity: sha512-zbB9rCJAT1rbjiVDb2hqKFHNYLxgtk8NURxZ3IZwD3F6NtxbXZQCnnSi1Lkx+IDohdPlFp222wVALIheZJQSEg==}
    engines: {node: '>=8'}

  asynckit@0.4.0:
    resolution: {integrity: sha512-Oei9OH4tRh0YqU3GxhX79dM/mwVgvbZJaSNaRk+bshkj0S5cfHcgYakreBjrHwatXKbz+IoIdYLxrKim2MjW0Q==}

  autocannon@8.0.0:
    resolution: {integrity: sha512-fMMcWc2JPFcUaqHeR6+PbmEpTxCrPZyBUM95oG4w3ngJ8NfBNas/ZXA+pTHXLqJ0UlFVTcy05GC25WxKx/M20A==}
    hasBin: true

  balanced-match@4.0.4:
    resolution: {integrity: sha512-BLrgEcRTwX2o6gGxGOCNyMvGSp35YofuYzw9h1IMTRmKqttAZZVU67bdb9Pr2vUHA8+j3i2tJfjO6C6+4myGTA==}
    engines: {node: 18 || 20 || >=22}

  base64-js@1.5.1:
    resolution: {integrity: sha512-AKpaYlHn8t4SVbOHCy+b5+KKgvR4vrsD8vbvrbiQJps7fKDTkjkDry6ji0rUJjC0kzbNePLwzxq8iypo41qeWA==}

  brace-expansion@5.0.5:
    resolution: {integrity: sha512-VZznLgtwhn+Mact9tfiwx64fA9erHH/MCXEUfB/0bX/6Fz6ny5EGTXYltMocqg4xFAQZtnO3DHWWXi8RiuN7cQ==}
    engines: {node: 18 || 20 || >=22}

  buffer@5.7.1:
    resolution: {integrity: sha512-EHcyIPBQ4BSGlvjB16k5KgAJ27CIsHY/2JBmCRReo48y9rQ3MaUzWX3KVlBa4U7MyX02HdVj0K7C3WaB3ju7FQ==}

  call-bind-apply-helpers@1.0.2:
    resolution: {integrity: sha512-Sp1ablJ0ivDkSzjcaJdxEunN5/XvksFJ2sMBFfq6x0ryhQV/2b/KwFe21cMpmHtPOSij8K99/wSfoEuTObmuMQ==}
    engines: {node: '>= 0.4'}

  chalk@4.1.2:
    resolution: {integrity: sha512-oKnbhFyRIXpUuez8iBMmyEa4nbj4IOQyuhc/wy9kY7/WVPcwIO9VA668Pu8RkO7+0G76SLROeyw9CpQ061i4mA==}
    engines: {node: '>=10'}

  char-spinner@1.0.1:
    resolution: {integrity: sha512-acv43vqJ0+N0rD+Uw3pDHSxP30FHrywu2NO6/wBaHChJIizpDeBUd6NjqhNhy9LGaEAhZAXn46QzmlAvIWd16g==}

  cli-table3@0.6.5:
    resolution: {integrity: sha512-+W/5efTR7y5HRD7gACw9yQjqMVvEMLBHmboM/kPWam+H+Hmyrgjh6YncVKK122YZkXrLudzTuAukUw9FnMf7IQ==}
    engines: {node: 10.* || >= 12.*}

  color-convert@2.0.1:
    resolution: {integrity: sha512-RRECPsj7iu/xb5oKYcsFHSppFNnsj/52OVTRKb4zP5onXwVF3zVmmToNcOfGC+CRDpfK/U584fMg38ZHCaElKQ==}
    engines: {node: '>=7.0.0'}

  color-name@1.1.4:
    resolution: {integrity: sha512-dOy+3AuW3a2wNbZHIuMZpTcgjGuLU/uBL/ubcZF9OXbDo8ff4O8yVp5Bf0efS8uEoYo5q4Fx7dY9OgQGXgAsQA==}

  color-support@1.1.3:
    resolution: {integrity: sha512-qiBjkpbMLO/HL68y+lh4q0/O1MZFj2RX6X/KmMa3+gJD3z+WwI1ZzDHysvqHGS3mP6mznPckpXmw1nI9cJjyRg==}
    hasBin: true

  combined-stream@1.0.8:
    resolution: {integrity: sha512-FQN4MRfuJeHf7cBbBMJFXhKSDq+2kAArBlmRBvcvFE5BB1HZKXtSFASDhdlz9zOYwxh8lDdnvmMOe/+5cdoEdg==}
    engines: {node: '>= 0.8'}

  cross-argv@2.0.0:
    resolution: {integrity: sha512-YIaY9TR5Nxeb8SMdtrU8asWVM4jqJDNDYlKV21LxtYcfNJhp1kEsgSa6qXwXgzN0WQWGODps0+TlGp2xQSHwOg==}

  cross-spawn@7.0.6:
    resolution: {integrity: sha512-uV2QOWP2nWzsy2aMp8aRibhi9dlzF5Hgh5SHaB9OiTGEyDTiJJyx0uy51QXdyWbtAHNua4XJzUKca3OzKUd3vA==}
    engines: {node: '>= 8'}

  delayed-stream@1.0.0:
    resolution: {integrity: sha512-ZySD7Nf91aLB0RxL4KGrKHBXl7Eds1DAmEdcoVawXnLD7SDhpNgtuII2aAkg7a7QS41jxPSZ17p4VdGnMHk3MQ==}
    engines: {node: '>=0.4.0'}

  dunder-proto@1.0.1:
    resolution: {integrity: sha512-KIN/nDJBQRcXw0MLVhZE9iQHmG68qAVIBg9CqmUYjmQIhgij9U5MFvrqkUL5FbtyyzZuOeOt0zdeRe4UY7ct+A==}
    engines: {node: '>= 0.4'}

  emoji-regex@8.0.0:
    resolution: {integrity: sha512-MSjYzcWNOA0ewAHpz0MxpYFvwg6yjy1NG3xteoqz644VCo/RPgnr1/GGt+ic3iJTzQ8Eu3TdM14SawnVUmGE6A==}

  es-define-property@1.0.1:
    resolution: {integrity: sha512-e3nRfgfUZ4rNGL232gUgX06QNyyez04KdjFrF+LTRoOXmrOgFKDg4BCdsjW8EnT69eqdYGmRpJwiPVYNrCaW3g==}
    engines: {node: '>= 0.4'}

  es-errors@1.3.0:
    resolution: {integrity: sha512-Zf5H2Kxt2xjTvbJvP2ZWLEICxA6j+hAmMzIlypy4xcBg1vKVnx89Wy0GbS+kf5cwCVFFzdCFh2XSCFNULS6csw==}
    engines: {node: '>= 0.4'}

  es-object-atoms@1.1.1:
    resolution: {integrity: sha512-FGgH2h8zKNim9ljj7dankFPcICIK9Cp5bm+c2gQSYePhpaG5+esrLODihIorn+Pe6FGJzWhXQotPv73jTaldXA==}
    engines: {node: '>= 0.4'}

  es-set-tostringtag@2.1.0:
    resolution: {integrity: sha512-j6vWzfrGVfyXxge+O0x5sh6cvxAog0a/4Rdd2K36zCMV5eJ+/+tOAngRO8cODMNWbVRdVlmGZQL2YS3yR8bIUA==}
    engines: {node: '>= 0.4'}

  foreground-child@3.3.1:
    resolution: {integrity: sha512-gIXjKqtFuWEgzFRJA9WCQeSJLZDjgJUOMCMzxtvFq/37KojM1BFGufqsCy0r4qSQmYLsZYMeyRqzIWOMup03sw==}
    engines: {node: '>=14'}

  form-data@4.0.5:
    resolution: {integrity: sha512-8RipRLol37bNs2bhoV67fiTEvdTrbMUYcFTiy3+wuuOnUog2QBHCZWXDRijWQfAkhBj2Uf5UnVaiWwA5vdd82w==}
    engines: {node: '>= 6'}

  function-bind@1.1.2:
    resolution: {integrity: sha512-7XHNxH7qX9xG5mIwxkhumTox/MIRNcOgDrxWsMt2pAr23WHp6MrRlN7FBSFpCpr+oVO0F744iUgR82nJMfG2SA==}

  get-intrinsic@1.3.0:
    resolution: {integrity: sha512-9fSjSaos/fRIVIp+xSJlE6lfwhES7LNtKaCBIamHsjr2na1BiABJPo0mOjjz8GJDURarmCPGqaiVg5mfjb98CQ==}
    engines: {node: '>= 0.4'}

  get-proto@1.0.1:
    resolution: {integrity: sha512-sTSfBjoXBp89JvIKIefqw7U2CCebsc74kiY6awiGogKtoSGbgjYE/G/+l9sF3MWFPNc9IcoOC4ODfKHfxFmp0g==}
    engines: {node: '>= 0.4'}

  glob@11.1.0:
    resolution: {integrity: sha512-vuNwKSaKiqm7g0THUBu2x7ckSs3XJLXE+2ssL7/MfTGPLLcrJQ/4Uq1CjPTtO5cCIiRxqvN6Twy1qOwhL0Xjcw==}
    engines: {node: 20 || >=22}
    deprecated: Old versions of glob are not supported, and contain widely publicized security vulnerabilities, which have been fixed in the current version. Please update. Support for old versions may be purchased (at exorbitant rates) by contacting i@izs.me
    hasBin: true

  gopd@1.2.0:
    resolution: {integrity: sha512-ZUKRh6/kUFoAiTAtTYPZJ3hw9wNxx+BIBOijnlG9PnrJsCcSjs1wyyD6vJpaYtgnzDrKYRSqf3OO6Rfa93xsRg==}
    engines: {node: '>= 0.4'}

  has-async-hooks@1.0.0:
    resolution: {integrity: sha512-YF0VPGjkxr7AyyQQNykX8zK4PvtEDsUJAPqwu06UFz1lb6EvI53sPh5H1kWxg8NXI5LsfRCZ8uX9NkYDZBb/mw==}

  has-flag@4.0.0:
    resolution: {integrity: sha512-EykJT/Q1KjTWctppgIAgfSO0tKVuZUjhgMr17kqTumMl6Afv3EISleU7qZUzoXDFTAHTDC4NOoG/ZxU3EvlMPQ==}
    engines: {node: '>=8'}

  has-symbols@1.1.0:
    resolution: {integrity: sha512-1cDNdwJ2Jaohmb3sg4OmKaMBwuC48sYni5HUw2DvsC8LjGTLK9h+eb1X6RyuOHe4hT0ULCW68iomhjUoKUqlPQ==}
    engines: {node: '>= 0.4'}

  has-tostringtag@1.0.2:
    resolution: {integrity: sha512-NqADB8VjPFLM2V0VvHUewwwsw0ZWBaIdgo+ieHtK3hasLz4qeCRjYcqfB6AQrBggRKppKF8L52/VqdVsO47Dlw==}
    engines: {node: '>= 0.4'}

  hasown@2.0.2:
    resolution: {integrity: sha512-0hJU9SCPvmMzIBdZFqNPXWa6dqh7WdH0cII9y+CyS8rG3nL48Bclra9HmKhVVUHyPWNH5Y7xDwAB7bfgSjkUMQ==}
    engines: {node: '>= 0.4'}

  hdr-histogram-js@3.0.1:
    resolution: {integrity: sha512-l3GSdZL1Jr1C0kyb461tUjEdrRPZr8Qry7jByltf5JGrA0xvqOSrxRBfcrJqqV/AMEtqqhHhC6w8HW0gn76tRQ==}
    engines: {node: '>=14'}

  hdr-histogram-percentiles-obj@3.0.0:
    resolution: {integrity: sha512-7kIufnBqdsBGcSZLPJwqHT3yhk1QTsSlFsVD3kx5ixH/AlgBs9yM1q6DPhXZ8f8gtdqgh7N7/5btRLpQsS2gHw==}

  http-parser-js@0.5.10:
    resolution: {integrity: sha512-Pysuw9XpUq5dVc/2SMHpuTY01RFl8fttgcyunjL7eEMhGM3cI4eOmiCycJDVCo/7O7ClfQD3SaI6ftDzqOXYMA==}

  hyperid@3.3.0:
    resolution: {integrity: sha512-7qhCVT4MJIoEsNcbhglhdmBKb09QtcmJNiIQGq7js/Khf5FtQQ9bzcAuloeqBeee7XD7JqDeve9KNlQya5tSGQ==}

  ieee754@1.2.1:
    resolution: {integrity: sha512-dcyqhDvX1C46lXZcVqCpK+FtMRQVdIMN6/Df5js2zouUsqG7I6sFxitIC+7KYK29KdXOLHdu9zL4sFnoVQnqaA==}

  is-fullwidth-code-point@3.0.0:
    resolution: {integrity: sha512-zymm5+u+sCsSWyD9qNaejV3DFvhCKclKdizYaJUuHA83RLjb7nSuGnddCHGv0hk+KY7BMAlsWeK4Ueg6EV6XQg==}
    engines: {node: '>=8'}

  isexe@2.0.0:
    resolution: {integrity: sha512-RHxMLp9lnKHGHRng9QFhRCMbYAcVpn69smSGcq3f36xjgVVWThj4qqLbTLlq7Ssj8B+fIQ1EuCEGI2lKsyQeIw==}

  jackspeak@4.2.3:
    resolution: {integrity: sha512-ykkVRwrYvFm1nb2AJfKKYPr0emF6IiXDYUaFx4Zn9ZuIH7MrzEZ3sD5RlqGXNRpHtvUHJyOnCEFxOlNDtGo7wg==}
    engines: {node: 20 || >=22}

  lodash.chunk@4.2.0:
    resolution: {integrity: sha512-ZzydJKfUHJwHa+hF5X66zLFCBrWn5GeF28OHEr4WVWtNDXlQ/IjWKPBiikqKo2ne0+v6JgCgJ0GzJp8k8bHC7w==}

  lodash.clonedeep@4.5.0:
    resolution: {integrity: sha512-H5ZhCF25riFd9uB5UCkVKo61m3S/xZk1x4wA6yp/L3RFP6Z/eHH1ymQcGLo7J3GMPfm0V/7m1tryHuGVxpqEBQ==}

  lodash.flatten@4.4.0:
    resolution: {integrity: sha512-C5N2Z3DgnnKr0LOpv/hKCgKdb7ZZwafIrsesve6lmzvZIRZRGaZ/l6Q8+2W7NaT+ZwO3fFlSCzCzrDCFdJfZ4g==}

  lru-cache@11.2.7:
    resolution: {integrity: sha512-aY/R+aEsRelme17KGQa/1ZSIpLpNYYrhcrepKTZgE+W3WM16YMCaPwOHLHsmopZHELU0Ojin1lPVxKR0MihncA==}
    engines: {node: 20 || >=22}

  manage-path@2.0.0:
    resolution: {integrity: sha512-NJhyB+PJYTpxhxZJ3lecIGgh4kwIY2RAh44XvAz9UlqthlQwtPBf62uBVR8XaD8CRuSjQ6TnZH2lNJkbLPZM2A==}

  math-intrinsics@1.1.0:
    resolution: {integrity: sha512-/IXtbwEk5HTPyEwyKX6hGkYXxM9nbj64B+ilVJnC/R6B0pH5G4V3b0pVbL7DBj4tkhBAppbQUlf6F6Xl9LHu1g==}
    engines: {node: '>= 0.4'}

  mime-db@1.52.0:
    resolution: {integrity: sha512-sPU4uV7dYlvtWJxwwxHD0PuihVNiE7TyAbQ5SWxDCB9mUYvOgroQOwYQQOKPJ8CIbE+1ETVlOoK1UC2nU3gYvg==}
    engines: {node: '>= 0.6'}

  mime-types@2.1.35:
    resolution: {integrity: sha512-ZDY+bPm5zTTF+YpCrAU9nK0UgICYPT0QtT1NZWFv4s++TNkcgVaT0g6+4R2uI4MjQjzysHB1zxuWL50hzaeXiw==}
    engines: {node: '>= 0.6'}

  minimatch@10.2.4:
    resolution: {integrity: sha512-oRjTw/97aTBN0RHbYCdtF1MQfvusSIBQM0IZEgzl6426+8jSC0nF1a/GmnVLpfB9yyr6g6FTqWqiZVbxrtaCIg==}
    engines: {node: 18 || 20 || >=22}

  minimist@1.2.8:
    resolution: {integrity: sha512-2yyAR8qBkN3YuheJanUpWC5U3bb5osDywNB8RzDVlDwDHbocAJveqqj1u8+SVD7jkWT4yvsHCpWqqWqAxb0zCA==}

  minipass@7.1.3:
    resolution: {integrity: sha512-tEBHqDnIoM/1rXME1zgka9g6Q2lcoCkxHLuc7ODJ5BxbP5d4c2Z5cGgtXAku59200Cx7diuHTOYfSBD8n6mm8A==}
    engines: {node: '>=16 || 14 >=14.17'}

  on-net-listen@1.1.2:
    resolution: {integrity: sha512-y1HRYy8s/RlcBvDUwKXSmkODMdx4KSuIvloCnQYJ2LdBBC1asY4HtfhXwe3UWknLakATZDnbzht2Ijw3M1EqFg==}
    engines: {node: '>=9.4.0 || ^8.9.4'}

  oxfmt@0.42.0:
    resolution: {integrity: sha512-QhejGErLSMReNuZ6vxgFHDyGoPbjTRNi6uGHjy0cvIjOQFqD6xmr/T+3L41ixR3NIgzcNiJ6ylQKpvShTgDfqg==}
    engines: {node: ^20.19.0 || >=22.12.0}
    hasBin: true

  oxlint-tsgolint@0.17.4:
    resolution: {integrity: sha512-4F/NXJiK2KnK4LQiULUPXRzVq0LOfextGvwCVRW1VKQbF5epI3MDMEGVAl5XjAGL6IFc7xBc/eVA95wczPeEQg==}
    hasBin: true

  oxlint@1.57.0:
    resolution: {integrity: sha512-DGFsuBX5MFZX9yiDdtKjTrYPq45CZ8Fft6qCltJITYZxfwYjVdGf/6wycGYTACloauwIPxUnYhBVeZbHvleGhw==}
    engines: {node: ^20.19.0 || >=22.12.0}
    hasBin: true
    peerDependencies:
      oxlint-tsgolint: '>=0.15.0'
    peerDependenciesMeta:
      oxlint-tsgolint:
        optional: true

  package-json-from-dist@1.0.1:
    resolution: {integrity: sha512-UEZIS3/by4OC8vL3P2dTXRETpebLI2NiI5vIrjaD/5UtrkFX/tNbwjTSRAGC/+7CAo2pIcBaRgWmcBBHcsaCIw==}

  pako@1.0.11:
    resolution: {integrity: sha512-4hLB8Py4zZce5s4yd9XzopqwVv/yGNhV1Bl8NTmCq1763HeK2+EwVTv+leGeL13Dnh2wfbqowVPXCIO0z4taYw==}

  path-key@3.1.1:
    resolution: {integrity: sha512-ojmeN0qd+y0jszEtoY48r0Peq5dwMEkIlCOu6Q5f41lfkswXuKtYrhgoTpLnyIcHm24Uhqx+5Tqm2InSwLhE6Q==}
    engines: {node: '>=8'}

  path-scurry@2.0.2:
    resolution: {integrity: sha512-3O/iVVsJAPsOnpwWIeD+d6z/7PmqApyQePUtCndjatj/9I5LylHvt5qluFaBT3I5h3r1ejfR056c+FCv+NnNXg==}
    engines: {node: 18 || 20 || >=22}

  pg-cloudflare@1.3.0:
    resolution: {integrity: sha512-6lswVVSztmHiRtD6I8hw4qP/nDm1EJbKMRhf3HCYaqud7frGysPv7FYJ5noZQdhQtN2xJnimfMtvQq21pdbzyQ==}

  pg-connection-string@2.12.0:
    resolution: {integrity: sha512-U7qg+bpswf3Cs5xLzRqbXbQl85ng0mfSV/J0nnA31MCLgvEaAo7CIhmeyrmJpOr7o+zm0rXK+hNnT5l9RHkCkQ==}

  pg-int8@1.0.1:
    resolution: {integrity: sha512-WCtabS6t3c8SkpDBUlb1kjOs7l66xsGdKpIPZsg4wR+B3+u9UAum2odSsF9tnvxg80h4ZxLWMy4pRjOsFIqQpw==}
    engines: {node: '>=4.0.0'}

  pg-pool@3.13.0:
    resolution: {integrity: sha512-gB+R+Xud1gLFuRD/QgOIgGOBE2KCQPaPwkzBBGC9oG69pHTkhQeIuejVIk3/cnDyX39av2AxomQiyPT13WKHQA==}
    peerDependencies:
      pg: '>=8.0'

  pg-protocol@1.13.0:
    resolution: {integrity: sha512-zzdvXfS6v89r6v7OcFCHfHlyG/wvry1ALxZo4LqgUoy7W9xhBDMaqOuMiF3qEV45VqsN6rdlcehHrfDtlCPc8w==}

  pg-types@2.2.0:
    resolution: {integrity: sha512-qTAAlrEsl8s4OiEQY69wDvcMIdQN6wdz5ojQiOy6YRMuynxenON0O5oCpJI6lshc6scgAY8qvJ2On/p+CXY0GA==}
    engines: {node: '>=4'}

  pg@8.20.0:
    resolution: {integrity: sha512-ldhMxz2r8fl/6QkXnBD3CR9/xg694oT6DZQ2s6c/RI28OjtSOpxnPrUCGOBJ46RCUxcWdx3p6kw/xnDHjKvaRA==}
    engines: {node: '>= 16.0.0'}
    peerDependencies:
      pg-native: '>=3.0.1'
    peerDependenciesMeta:
      pg-native:
        optional: true

  pgpass@1.0.5:
    resolution: {integrity: sha512-FdW9r/jQZhSeohs1Z3sI1yxFQNFvMcnmfuj4WBMUTxOrAyLMaTcE1aAMBiTlbMNaXvBCQuVi0R7hd8udDSP7ug==}

  postgrator@8.0.0:
    resolution: {integrity: sha512-Kaw+/Ibk59pFyFzhdTpiXB3JVi4LFGl2JZ9RiWQk7qCtKUMFY8rat6ek0S3ON7SA4gj1yt6tn5s0Ukok2xnUFQ==}
    engines: {node: '>=20.0.0'}

  postgres-array@2.0.0:
    resolution: {integrity: sha512-VpZrUqU5A69eQyW2c5CA1jtLecCsN2U/bD6VilrFDWq5+5UIEVO7nazS3TEcHf1zuPYO/sqGvUvW62g86RXZuA==}
    engines: {node: '>=4'}

  postgres-bytea@1.0.1:
    resolution: {integrity: sha512-5+5HqXnsZPE65IJZSMkZtURARZelel2oXUEO8rH83VS/hxH5vv1uHquPg5wZs8yMAfdv971IU+kcPUczi7NVBQ==}
    engines: {node: '>=0.10.0'}

  postgres-date@1.0.7:
    resolution: {integrity: sha512-suDmjLVQg78nMK2UZ454hAG+OAW+HQPZ6n++TNDUX+L0+uUlLywnoxJKDou51Zm+zTCjrCl0Nq6J9C5hP9vK/Q==}
    engines: {node: '>=0.10.0'}

  postgres-interval@1.2.0:
    resolution: {integrity: sha512-9ZhXKM/rw350N1ovuWHbGxnGh/SNJ4cnxHiM0rxE4VN41wsg8P8zWn9hv/buK00RP4WvlOyr/RBDiptyxVbkZQ==}
    engines: {node: '>=0.10.0'}

  pretty-bytes@5.6.0:
    resolution: {integrity: sha512-FFw039TmrBqFK8ma/7OL3sDz/VytdtJr044/QUJtH0wK9lb9jLq9tJyIxUwtQJHwar2BqtiA4iCWSwo9JLkzFg==}
    engines: {node: '>=6'}

  progress@2.0.3:
    resolution: {integrity: sha512-7PiHtLll5LdnKIMw100I+8xJXR5gW2QwWYkT6iJva0bXitZKa/XMrSbdmg3r2Xnaidz9Qumd0VPaMrZlF9V9sA==}
    engines: {node: '>=0.4.0'}

  reinterval@1.1.0:
    resolution: {integrity: sha512-QIRet3SYrGp0HUHO88jVskiG6seqUGC5iAG7AwI/BV4ypGcuqk9Du6YQBUOUqm9c8pw1eyLoIaONifRua1lsEQ==}

  retimer@3.0.0:
    resolution: {integrity: sha512-WKE0j11Pa0ZJI5YIk0nflGI7SQsfl2ljihVy7ogh7DeQSeYAUi0ubZ/yEueGtDfUPk6GH5LRw1hBdLq4IwUBWA==}

  semver@7.7.4:
    resolution: {integrity: sha512-vFKC2IEtQnVhpT78h1Yp8wzwrf8CM+MzKMHGJZfBtzhZNycRFnXsHk6E5TxIkkMsgNS7mdX3AGB7x2QM2di4lA==}
    engines: {node: '>=10'}
    hasBin: true

  shebang-command@2.0.0:
    resolution: {integrity: sha512-kHxr2zZpYtdmrN1qDjrrX/Z1rR1kG8Dx+gkpK1G4eXmvXswmcE1hTWBWYUzlraYw1/yZp6YuDY77YtvbN0dmDA==}
    engines: {node: '>=8'}

  shebang-regex@3.0.0:
    resolution: {integrity: sha512-7++dFhtcx3353uBaq8DDR4NuxBetBzC7ZQOhmTQInHEd6bSrXdiEyzCvG07Z44UYdLShWUyXt5M/yhz8ekcb1A==}
    engines: {node: '>=8'}

  signal-exit@4.1.0:
    resolution: {integrity: sha512-bzyZ1e88w9O1iNJbKnOlvYTrWPDl46O1bG0D3XInv+9tkPrxrN8jUUTiFlDkkmKWgn1M6CfIA13SuGqOa9Korw==}
    engines: {node: '>=14'}

  split2@4.2.0:
    resolution: {integrity: sha512-UcjcJOWknrNkF6PLX83qcHM6KHgVKNkV62Y8a5uYDVv9ydGQVwAHMKqHdJje1VTWpljG0WYpCDhrCdAOYH4TWg==}
    engines: {node: '>= 10.x'}

  string-width@4.2.3:
    resolution: {integrity: sha512-wKyQRQpjJ0sIp62ErSZdGsjMJWsap5oRNihHhu6G7JVO/9jIB6UyevL+tXuOqrng8j/cxKTWyWUwvSTriiZz/g==}
    engines: {node: '>=8'}

  strip-ansi@6.0.1:
    resolution: {integrity: sha512-Y38VPSHcqkFrCpFnQ9vuSXmquuv5oXOKpGeT6aGrr3o3Gc9AlVa6JBfUSOCnbxGGZF+/0ooI7KrPuUSztUdU5A==}
    engines: {node: '>=8'}

  supports-color@7.2.0:
    resolution: {integrity: sha512-qpCAvRl9stuOHveKsn7HncJRvv501qIacKzQlO/+Lwxc9+0q2wLyv4Dfvt80/DPn2pqOBsJdDiogXGR9+OvwRw==}
    engines: {node: '>=8'}

  timestring@6.0.0:
    resolution: {integrity: sha512-wMctrWD2HZZLuIlchlkE2dfXJh7J2KDI9Dwl+2abPYg0mswQHfOAyQW3jJg1pY5VfttSINZuKcXoB3FGypVklA==}
    engines: {node: '>=8'}

  tinypool@2.1.0:
    resolution: {integrity: sha512-Pugqs6M0m7Lv1I7FtxN4aoyToKg1C4tu+/381vH35y8oENM/Ai7f7C4StcoK4/+BSw9ebcS8jRiVrORFKCALLw==}
    engines: {node: ^20.0.0 || >=22.0.0}

  undici-types@7.16.0:
    resolution: {integrity: sha512-Zz+aZWSj8LE6zoxD+xrjh4VfkIG8Ya6LvYkZqtUQGJPZjYl53ypCaUwWqo7eI0x66KBGeRo+mlBEkMSeSZ38Nw==}

  uuid-parse@1.1.0:
    resolution: {integrity: sha512-OdmXxA8rDsQ7YpNVbKSJkNzTw2I+S5WsbMDnCtIWSQaosNAcWtFuI/YK1TjzUI6nbkgiqEyh8gWngfcv8Asd9A==}

  uuid@8.3.2:
    resolution: {integrity: sha512-+NYs2QeMWy+GWFOEm9xnn6HCDp0l7QBD7ml8zLUmJ+93Q5NF0NocErnwkTkXVFNiX3/fpC6afS8Dhb/gz7R7eg==}
    hasBin: true

  which@2.0.2:
    resolution: {integrity: sha512-BLI3Tl1TW3Pvl70l3yq3Y64i+awpwXqsGBYWkkqMtnbXgrMD+yj7rhW0kuEDxzJaYXGjEW5ogapKNMEKNMjibA==}
    engines: {node: '>= 8'}
    hasBin: true

  xtend@4.0.2:
    resolution: {integrity: sha512-LKYU1iAXJXUgAXn9URjiu+MWhyUXHsvfp7mcuYm9dSUKK0/CjtrUwFAxD82/mCWbtLsGjFIad0wIsod4zrTAEQ==}
    engines: {node: '>=0.4'}

snapshots:

  '@assemblyscript/loader@0.19.23': {}

  '@colors/colors@1.5.0':
    optional: true

  '@isaacs/cliui@9.0.0': {}

  '@minimistjs/subarg@1.0.0':
    dependencies:
      minimist: 1.2.8

  '@oxfmt/binding-android-arm-eabi@0.42.0':
    optional: true

  '@oxfmt/binding-android-arm64@0.42.0':
    optional: true

  '@oxfmt/binding-darwin-arm64@0.42.0':
    optional: true

  '@oxfmt/binding-darwin-x64@0.42.0':
    optional: true

  '@oxfmt/binding-freebsd-x64@0.42.0':
    optional: true

  '@oxfmt/binding-linux-arm-gnueabihf@0.42.0':
    optional: true

  '@oxfmt/binding-linux-arm-musleabihf@0.42.0':
    optional: true

  '@oxfmt/binding-linux-arm64-gnu@0.42.0':
    optional: true

  '@oxfmt/binding-linux-arm64-musl@0.42.0':
    optional: true

  '@oxfmt/binding-linux-ppc64-gnu@0.42.0':
    optional: true

  '@oxfmt/binding-linux-riscv64-gnu@0.42.0':
    optional: true

  '@oxfmt/binding-linux-riscv64-musl@0.42.0':
    optional: true

  '@oxfmt/binding-linux-s390x-gnu@0.42.0':
    optional: true

  '@oxfmt/binding-linux-x64-gnu@0.42.0':
    optional: true

  '@oxfmt/binding-linux-x64-musl@0.42.0':
    optional: true

  '@oxfmt/binding-openharmony-arm64@0.42.0':
    optional: true

  '@oxfmt/binding-win32-arm64-msvc@0.42.0':
    optional: true

  '@oxfmt/binding-win32-ia32-msvc@0.42.0':
    optional: true

  '@oxfmt/binding-win32-x64-msvc@0.42.0':
    optional: true

  '@oxlint-tsgolint/darwin-arm64@0.17.4':
    optional: true

  '@oxlint-tsgolint/darwin-x64@0.17.4':
    optional: true

  '@oxlint-tsgolint/linux-arm64@0.17.4':
    optional: true

  '@oxlint-tsgolint/linux-x64@0.17.4':
    optional: true

  '@oxlint-tsgolint/win32-arm64@0.17.4':
    optional: true

  '@oxlint-tsgolint/win32-x64@0.17.4':
    optional: true

  '@oxlint/binding-android-arm-eabi@1.57.0':
    optional: true

  '@oxlint/binding-android-arm64@1.57.0':
    optional: true

  '@oxlint/binding-darwin-arm64@1.57.0':
    optional: true

  '@oxlint/binding-darwin-x64@1.57.0':
    optional: true

  '@oxlint/binding-freebsd-x64@1.57.0':
    optional: true

  '@oxlint/binding-linux-arm-gnueabihf@1.57.0':
    optional: true

  '@oxlint/binding-linux-arm-musleabihf@1.57.0':
    optional: true

  '@oxlint/binding-linux-arm64-gnu@1.57.0':
    optional: true

  '@oxlint/binding-linux-arm64-musl@1.57.0':
    optional: true

  '@oxlint/binding-linux-ppc64-gnu@1.57.0':
    optional: true

  '@oxlint/binding-linux-riscv64-gnu@1.57.0':
    optional: true

  '@oxlint/binding-linux-riscv64-musl@1.57.0':
    optional: true

  '@oxlint/binding-linux-s390x-gnu@1.57.0':
    optional: true

  '@oxlint/binding-linux-x64-gnu@1.57.0':
    optional: true

  '@oxlint/binding-linux-x64-musl@1.57.0':
    optional: true

  '@oxlint/binding-openharmony-arm64@1.57.0':
    optional: true

  '@oxlint/binding-win32-arm64-msvc@1.57.0':
    optional: true

  '@oxlint/binding-win32-ia32-msvc@1.57.0':
    optional: true

  '@oxlint/binding-win32-x64-msvc@1.57.0':
    optional: true

  '@types/autocannon@7.12.7':
    dependencies:
      '@types/node': 24.12.0

  '@types/node@24.12.0':
    dependencies:
      undici-types: 7.16.0

  '@types/pg@8.20.0':
    dependencies:
      '@types/node': 24.12.0
      pg-protocol: 1.13.0
      pg-types: 2.2.0

  ansi-regex@5.0.1: {}

  ansi-styles@4.3.0:
    dependencies:
      color-convert: 2.0.1

  asynckit@0.4.0: {}

  autocannon@8.0.0:
    dependencies:
      '@minimistjs/subarg': 1.0.0
      chalk: 4.1.2
      char-spinner: 1.0.1
      cli-table3: 0.6.5
      color-support: 1.1.3
      cross-argv: 2.0.0
      form-data: 4.0.5
      has-async-hooks: 1.0.0
      hdr-histogram-js: 3.0.1
      hdr-histogram-percentiles-obj: 3.0.0
      http-parser-js: 0.5.10
      hyperid: 3.3.0
      lodash.chunk: 4.2.0
      lodash.clonedeep: 4.5.0
      lodash.flatten: 4.4.0
      manage-path: 2.0.0
      on-net-listen: 1.1.2
      pretty-bytes: 5.6.0
      progress: 2.0.3
      reinterval: 1.1.0
      retimer: 3.0.0
      semver: 7.7.4
      timestring: 6.0.0

  balanced-match@4.0.4: {}

  base64-js@1.5.1: {}

  brace-expansion@5.0.5:
    dependencies:
      balanced-match: 4.0.4

  buffer@5.7.1:
    dependencies:
      base64-js: 1.5.1
      ieee754: 1.2.1

  call-bind-apply-helpers@1.0.2:
    dependencies:
      es-errors: 1.3.0
      function-bind: 1.1.2

  chalk@4.1.2:
    dependencies:
      ansi-styles: 4.3.0
      supports-color: 7.2.0

  char-spinner@1.0.1: {}

  cli-table3@0.6.5:
    dependencies:
      string-width: 4.2.3
    optionalDependencies:
      '@colors/colors': 1.5.0

  color-convert@2.0.1:
    dependencies:
      color-name: 1.1.4

  color-name@1.1.4: {}

  color-support@1.1.3: {}

  combined-stream@1.0.8:
    dependencies:
      delayed-stream: 1.0.0

  cross-argv@2.0.0: {}

  cross-spawn@7.0.6:
    dependencies:
      path-key: 3.1.1
      shebang-command: 2.0.0
      which: 2.0.2

  delayed-stream@1.0.0: {}

  dunder-proto@1.0.1:
    dependencies:
      call-bind-apply-helpers: 1.0.2
      es-errors: 1.3.0
      gopd: 1.2.0

  emoji-regex@8.0.0: {}

  es-define-property@1.0.1: {}

  es-errors@1.3.0: {}

  es-object-atoms@1.1.1:
    dependencies:
      es-errors: 1.3.0

  es-set-tostringtag@2.1.0:
    dependencies:
      es-errors: 1.3.0
      get-intrinsic: 1.3.0
      has-tostringtag: 1.0.2
      hasown: 2.0.2

  foreground-child@3.3.1:
    dependencies:
      cross-spawn: 7.0.6
      signal-exit: 4.1.0

  form-data@4.0.5:
    dependencies:
      asynckit: 0.4.0
      combined-stream: 1.0.8
      es-set-tostringtag: 2.1.0
      hasown: 2.0.2
      mime-types: 2.1.35

  function-bind@1.1.2: {}

  get-intrinsic@1.3.0:
    dependencies:
      call-bind-apply-helpers: 1.0.2
      es-define-property: 1.0.1
      es-errors: 1.3.0
      es-object-atoms: 1.1.1
      function-bind: 1.1.2
      get-proto: 1.0.1
      gopd: 1.2.0
      has-symbols: 1.1.0
      hasown: 2.0.2
      math-intrinsics: 1.1.0

  get-proto@1.0.1:
    dependencies:
      dunder-proto: 1.0.1
      es-object-atoms: 1.1.1

  glob@11.1.0:
    dependencies:
      foreground-child: 3.3.1
      jackspeak: 4.2.3
      minimatch: 10.2.4
      minipass: 7.1.3
      package-json-from-dist: 1.0.1
      path-scurry: 2.0.2

  gopd@1.2.0: {}

  has-async-hooks@1.0.0: {}

  has-flag@4.0.0: {}

  has-symbols@1.1.0: {}

  has-tostringtag@1.0.2:
    dependencies:
      has-symbols: 1.1.0

  hasown@2.0.2:
    dependencies:
      function-bind: 1.1.2

  hdr-histogram-js@3.0.1:
    dependencies:
      '@assemblyscript/loader': 0.19.23
      base64-js: 1.5.1
      pako: 1.0.11

  hdr-histogram-percentiles-obj@3.0.0: {}

  http-parser-js@0.5.10: {}

  hyperid@3.3.0:
    dependencies:
      buffer: 5.7.1
      uuid: 8.3.2
      uuid-parse: 1.1.0

  ieee754@1.2.1: {}

  is-fullwidth-code-point@3.0.0: {}

  isexe@2.0.0: {}

  jackspeak@4.2.3:
    dependencies:
      '@isaacs/cliui': 9.0.0

  lodash.chunk@4.2.0: {}

  lodash.clonedeep@4.5.0: {}

  lodash.flatten@4.4.0: {}

  lru-cache@11.2.7: {}

  manage-path@2.0.0: {}

  math-intrinsics@1.1.0: {}

  mime-db@1.52.0: {}

  mime-types@2.1.35:
    dependencies:
      mime-db: 1.52.0

  minimatch@10.2.4:
    dependencies:
      brace-expansion: 5.0.5

  minimist@1.2.8: {}

  minipass@7.1.3: {}

  on-net-listen@1.1.2: {}

  oxfmt@0.42.0:
    dependencies:
      tinypool: 2.1.0
    optionalDependencies:
      '@oxfmt/binding-android-arm-eabi': 0.42.0
      '@oxfmt/binding-android-arm64': 0.42.0
      '@oxfmt/binding-darwin-arm64': 0.42.0
      '@oxfmt/binding-darwin-x64': 0.42.0
      '@oxfmt/binding-freebsd-x64': 0.42.0
      '@oxfmt/binding-linux-arm-gnueabihf': 0.42.0
      '@oxfmt/binding-linux-arm-musleabihf': 0.42.0
      '@oxfmt/binding-linux-arm64-gnu': 0.42.0
      '@oxfmt/binding-linux-arm64-musl': 0.42.0
      '@oxfmt/binding-linux-ppc64-gnu': 0.42.0
      '@oxfmt/binding-linux-riscv64-gnu': 0.42.0
      '@oxfmt/binding-linux-riscv64-musl': 0.42.0
      '@oxfmt/binding-linux-s390x-gnu': 0.42.0
      '@oxfmt/binding-linux-x64-gnu': 0.42.0
      '@oxfmt/binding-linux-x64-musl': 0.42.0
      '@oxfmt/binding-openharmony-arm64': 0.42.0
      '@oxfmt/binding-win32-arm64-msvc': 0.42.0
      '@oxfmt/binding-win32-ia32-msvc': 0.42.0
      '@oxfmt/binding-win32-x64-msvc': 0.42.0

  oxlint-tsgolint@0.17.4:
    optionalDependencies:
      '@oxlint-tsgolint/darwin-arm64': 0.17.4
      '@oxlint-tsgolint/darwin-x64': 0.17.4
      '@oxlint-tsgolint/linux-arm64': 0.17.4
      '@oxlint-tsgolint/linux-x64': 0.17.4
      '@oxlint-tsgolint/win32-arm64': 0.17.4
      '@oxlint-tsgolint/win32-x64': 0.17.4

  oxlint@1.57.0(oxlint-tsgolint@0.17.4):
    optionalDependencies:
      '@oxlint/binding-android-arm-eabi': 1.57.0
      '@oxlint/binding-android-arm64': 1.57.0
      '@oxlint/binding-darwin-arm64': 1.57.0
      '@oxlint/binding-darwin-x64': 1.57.0
      '@oxlint/binding-freebsd-x64': 1.57.0
      '@oxlint/binding-linux-arm-gnueabihf': 1.57.0
      '@oxlint/binding-linux-arm-musleabihf': 1.57.0
      '@oxlint/binding-linux-arm64-gnu': 1.57.0
      '@oxlint/binding-linux-arm64-musl': 1.57.0
      '@oxlint/binding-linux-ppc64-gnu': 1.57.0
      '@oxlint/binding-linux-riscv64-gnu': 1.57.0
      '@oxlint/binding-linux-riscv64-musl': 1.57.0
      '@oxlint/binding-linux-s390x-gnu': 1.57.0
      '@oxlint/binding-linux-x64-gnu': 1.57.0
      '@oxlint/binding-linux-x64-musl': 1.57.0
      '@oxlint/binding-openharmony-arm64': 1.57.0
      '@oxlint/binding-win32-arm64-msvc': 1.57.0
      '@oxlint/binding-win32-ia32-msvc': 1.57.0
      '@oxlint/binding-win32-x64-msvc': 1.57.0
      oxlint-tsgolint: 0.17.4

  package-json-from-dist@1.0.1: {}

  pako@1.0.11: {}

  path-key@3.1.1: {}

  path-scurry@2.0.2:
    dependencies:
      lru-cache: 11.2.7
      minipass: 7.1.3

  pg-cloudflare@1.3.0:
    optional: true

  pg-connection-string@2.12.0: {}

  pg-int8@1.0.1: {}

  pg-pool@3.13.0(pg@8.20.0):
    dependencies:
      pg: 8.20.0

  pg-protocol@1.13.0: {}

  pg-types@2.2.0:
    dependencies:
      pg-int8: 1.0.1
      postgres-array: 2.0.0
      postgres-bytea: 1.0.1
      postgres-date: 1.0.7
      postgres-interval: 1.2.0

  pg@8.20.0:
    dependencies:
      pg-connection-string: 2.12.0
      pg-pool: 3.13.0(pg@8.20.0)
      pg-protocol: 1.13.0
      pg-types: 2.2.0
      pgpass: 1.0.5
    optionalDependencies:
      pg-cloudflare: 1.3.0

  pgpass@1.0.5:
    dependencies:
      split2: 4.2.0

  postgrator@8.0.0:
    dependencies:
      glob: 11.1.0

  postgres-array@2.0.0: {}

  postgres-bytea@1.0.1: {}

  postgres-date@1.0.7: {}

  postgres-interval@1.2.0:
    dependencies:
      xtend: 4.0.2

  pretty-bytes@5.6.0: {}

  progress@2.0.3: {}

  reinterval@1.1.0: {}

  retimer@3.0.0: {}

  semver@7.7.4: {}

  shebang-command@2.0.0:
    dependencies:
      shebang-regex: 3.0.0

  shebang-regex@3.0.0: {}

  signal-exit@4.1.0: {}

  split2@4.2.0: {}

  string-width@4.2.3:
    dependencies:
      emoji-regex: 8.0.0
      is-fullwidth-code-point: 3.0.0
      strip-ansi: 6.0.1

  strip-ansi@6.0.1:
    dependencies:
      ansi-regex: 5.0.1

  supports-color@7.2.0:
    dependencies:
      has-flag: 4.0.0

  timestring@6.0.0: {}

  tinypool@2.1.0: {}

  undici-types@7.16.0: {}

  uuid-parse@1.1.0: {}

  uuid@8.3.2: {}

  which@2.0.2:
    dependencies:
      isexe: 2.0.0

  xtend@4.0.2: {}
